
Microsoft Visual Studio Solution File, Format Version 12.00
Project("{FAE04EC0-301F-11D3-BF4B-00C04F79EFBC}") = "src", "src\src.csproj", "{33D8D471-5D7B-4AF2-AD03-1558A1B15E95}"
EndProject
Project("{2150E333-8FDC-42A3-9474-1A3956D46DE8}") = "tutorial", "tutorial", "{CE9B549A-F6C9-4648-B09B-FC986524518F}"
EndProject
Project("{FAE04EC0-301F-11D3-BF4B-00C04F79EFBC}") = "T01-Simple", "tutorial\T01-Simple\T01-Simple.csproj", "{208E1FCE-A200-42BA-9F9B-5A699449AD26}"
EndProject
Project("{FAE04EC0-301F-11D3-BF4B-00C04F79EFBC}") = "T05-Param", "tutorial\T05-Param\T05-Param.csproj", "{F76A2CF5-08C4-4A44-8FDC-747BD2EBAC50}"
EndProject
Project("{FAE04EC0-301F-11D3-BF4B-00C04F79EFBC}") = "T20-Suspend", "tutorial\T20-Suspend\T20-Suspend.csproj", "{19D823C2-5916-4DDF-AB2B-6CF57B1F158E}"
EndProject
Project("{FAE04EC0-301F-11D3-BF4B-00C04F79EFBC}") = "T22-Timeout", "tutorial\T22-Timeout\T22-Timeout.csproj", "{083074D5-C745-4B66-8C5F-57F394C86AC5}"
EndProject
Project("{FAE04EC0-301F-11D3-BF4B-00C04F79EFBC}") = "T24-Fence", "tutorial\T24-Fence\T24-Fence.csproj", "{3FCD8F4F-B170-437B-850A-A1C9430DEE5F}"
EndProject
Project("{FAE04EC0-301F-11D3-BF4B-00C04F79EFBC}") = "T28-Stage", "tutorial\T28-Stage\T28-Stage.csproj", "{1689B652-43D2-4727-89D5-3AFE8F7299AA}"
EndProject
Project("{FAE04EC0-301F-11D3-BF4B-00C04F79EFBC}") = "T00-HelloCGraph", "tutorial\T00-HelloCGraph\T00-HelloCGraph.csproj", "{58950BED-1602-47D0-B0E5-AD0EE66FA34F}"
EndProject
Project("{FAE04EC0-301F-11D3-BF4B-00C04F79EFBC}") = "T02-Cluster", "tutorial\T02-Cluster\T02-Cluster.csproj", "{2D689042-A609-4989-B0AB-968B0E8FE8AF}"
EndProject
Project("{FAE04EC0-301F-11D3-BF4B-00C04F79EFBC}") = "T03-Region", "tutorial\T03-Region\T03-Region.csproj", "{9E581ED1-8186-428C-B384-342317602203}"
EndProject
Project("{FAE04EC0-301F-11D3-BF4B-00C04F79EFBC}") = "T04-Complex", "tutorial\T04-Complex\T04-Complex.csproj", "{3220A7A6-B943-476E-9DBD-44F3B73A5FDA}"
EndProject
Project("{FAE04EC0-301F-11D3-BF4B-00C04F79EFBC}") = "T06-Condition", "tutorial\T06-Condition\T06-Condition.csproj", "{94EB029D-2742-4013-9AEA-57817D86D097}"
EndProject
Project("{FAE04EC0-301F-11D3-BF4B-00C04F79EFBC}") = "T07-MultiPipeline", "tutorial\T07-MultiPipeline\T07-MultiPipeline.csproj", "{A9384302-7BFB-48E0-B3B1-252A369EF693}"
EndProject
Project("{FAE04EC0-301F-11D3-BF4B-00C04F79EFBC}") = "T08-Template", "tutorial\T08-Template\T08-Template.csproj", "{E5F919EB-7847-4B82-8888-78522645B1C9}"
EndProject
Project("{FAE04EC0-301F-11D3-BF4B-00C04F79EFBC}") = "T09-Aspect", "tutorial\T09-Aspect\T09-Aspect.csproj", "{339CE759-36AE-49B5-BEC0-810505E4CCF7}"
EndProject
Project("{FAE04EC0-301F-11D3-BF4B-00C04F79EFBC}") = "T10-AspectParam", "tutorial\T10-AspectParam\T10-AspectParam.csproj", "{C2B2B1DC-EC52-4058-8203-B6CBC3AFC517}"
EndProject
Project("{FAE04EC0-301F-11D3-BF4B-00C04F79EFBC}") = "T12-Function", "tutorial\T12-Function\T12-Function.csproj", "{5B1808C4-3A6E-465D-AC91-807B28A38744}"
EndProject
Project("{FAE04EC0-301F-11D3-BF4B-00C04F79EFBC}") = "T13-Daemon", "tutorial\T13-Daemon\T13-Daemon.csproj", "{B108DBAE-66FE-40C8-ADD7-F1A081442F68}"
EndProject
Project("{FAE04EC0-301F-11D3-BF4B-00C04F79EFBC}") = "T14-Hold", "tutorial\T14-Hold\T14-Hold.csproj", "{024DEBE9-4FFC-4163-81E5-069D7B9D67EB}"
EndProject
Project("{FAE04EC0-301F-11D3-BF4B-00C04F79EFBC}") = "T15-ElementParam", "tutorial\T15-ElementParam\T15-ElementParam.csproj", "{6EEBD82A-CC6B-4AE5-ACB0-E69170B1D239}"
EndProject
Project("{FAE04EC0-301F-11D3-BF4B-00C04F79EFBC}") = "T16-MessageSendRecv", "tutorial\T16-MessageSendRecv\T16-MessageSendRecv.csproj", "{6C6C5ED7-7B45-4739-BE11-0068C72481CE}"
EndProject
Project("{FAE04EC0-301F-11D3-BF4B-00C04F79EFBC}") = "T17-MessagePubSub", "tutorial\T17-MessagePubSub\T17-MessagePubSub.csproj", "{DF85C289-B126-4B87-9F39-0693282856A3}"
EndProject
Project("{FAE04EC0-301F-11D3-BF4B-00C04F79EFBC}") = "T18-Event", "tutorial\T18-Event\T18-Event.csproj", "{5506777D-2ACE-4464-9D6D-6DFFABF450BF}"
EndProject
Project("{FAE04EC0-301F-11D3-BF4B-00C04F79EFBC}") = "T19-Cancel", "tutorial\T19-Cancel\T19-Cancel.csproj", "{AFB91F1E-3E1B-43E9-8BF3-1584AE446D62}"
EndProject
Project("{FAE04EC0-301F-11D3-BF4B-00C04F79EFBC}") = "T21-MultiCondition", "tutorial\T21-MultiCondition\T21-MultiCondition.csproj", "{0061D299-9CCA-4646-91AB-1D543942BADA}"
EndProject
Project("{FAE04EC0-301F-11D3-BF4B-00C04F79EFBC}") = "T23-Some", "tutorial\T23-Some\T23-Some.csproj", "{2CB06921-401E-414C-88A5-CC67F1D06849}"
EndProject
Project("{FAE04EC0-301F-11D3-BF4B-00C04F79EFBC}") = "T26-Mutable", "tutorial\T26-Mutable\T26-Mutable.csproj", "{961B3085-5E6C-44BA-8C1D-39253B88CE66}"
EndProject
Project("{FAE04EC0-301F-11D3-BF4B-00C04F79EFBC}") = "T27-Trim", "tutorial\T27-Trim\T27-Trim.csproj", "{59EE0C11-2011-41A4-BAD2-9BC8DF6BB3D1}"
EndProject
Project("{FAE04EC0-301F-11D3-BF4B-00C04F79EFBC}") = "T29-Storage", "tutorial\T29-Storage\T29-Storage.csproj", "{48D60E4B-ED17-459D-A8F8-43FCED23FC49}"
EndProject
Project("{FAE04EC0-301F-11D3-BF4B-00C04F79EFBC}") = "CGraph.Tutorial.Common", "tutorial\CGraph.Tutorial.Common\CGraph.Tutorial.Common.csproj", "{A3FEF870-FF4C-4DAC-9865-DE72A90CF773}"
EndProject
Global
	GlobalSection(SolutionConfigurationPlatforms) = preSolution
		Debug|Any CPU = Debug|Any CPU
		Debug|x64 = Debug|x64
		Debug|x86 = Debug|x86
		Release|Any CPU = Release|Any CPU
		Release|x64 = Release|x64
		Release|x86 = Release|x86
	EndGlobalSection
	GlobalSection(ProjectConfigurationPlatforms) = postSolution
		{33D8D471-5D7B-4AF2-AD03-1558A1B15E95}.Debug|Any CPU.ActiveCfg = Debug|Any CPU
		{33D8D471-5D7B-4AF2-AD03-1558A1B15E95}.Debug|Any CPU.Build.0 = Debug|Any CPU
		{33D8D471-5D7B-4AF2-AD03-1558A1B15E95}.Debug|x64.ActiveCfg = Debug|Any CPU
		{33D8D471-5D7B-4AF2-AD03-1558A1B15E95}.Debug|x64.Build.0 = Debug|Any CPU
		{33D8D471-5D7B-4AF2-AD03-1558A1B15E95}.Debug|x86.ActiveCfg = Debug|Any CPU
		{33D8D471-5D7B-4AF2-AD03-1558A1B15E95}.Debug|x86.Build.0 = Debug|Any CPU
		{33D8D471-5D7B-4AF2-AD03-1558A1B15E95}.Release|Any CPU.ActiveCfg = Release|Any CPU
		{33D8D471-5D7B-4AF2-AD03-1558A1B15E95}.Release|Any CPU.Build.0 = Release|Any CPU
		{33D8D471-5D7B-4AF2-AD03-1558A1B15E95}.Release|x64.ActiveCfg = Release|Any CPU
		{33D8D471-5D7B-4AF2-AD03-1558A1B15E95}.Release|x64.Build.0 = Release|Any CPU
		{33D8D471-5D7B-4AF2-AD03-1558A1B15E95}.Release|x86.ActiveCfg = Release|Any CPU
		{33D8D471-5D7B-4AF2-AD03-1558A1B15E95}.Release|x86.Build.0 = Release|Any CPU
		{208E1FCE-A200-42BA-9F9B-5A699449AD26}.Debug|Any CPU.ActiveCfg = Debug|Any CPU
		{208E1FCE-A200-42BA-9F9B-5A699449AD26}.Debug|Any CPU.Build.0 = Debug|Any CPU
		{208E1FCE-A200-42BA-9F9B-5A699449AD26}.Debug|x64.ActiveCfg = Debug|Any CPU
		{208E1FCE-A200-42BA-9F9B-5A699449AD26}.Debug|x64.Build.0 = Debug|Any CPU
		{208E1FCE-A200-42BA-9F9B-5A699449AD26}.Debug|x86.ActiveCfg = Debug|Any CPU
		{208E1FCE-A200-42BA-9F9B-5A699449AD26}.Debug|x86.Build.0 = Debug|Any CPU
		{208E1FCE-A200-42BA-9F9B-5A699449AD26}.Release|Any CPU.ActiveCfg = Release|Any CPU
		{208E1FCE-A200-42BA-9F9B-5A699449AD26}.Release|Any CPU.Build.0 = Release|Any CPU
		{208E1FCE-A200-42BA-9F9B-5A699449AD26}.Release|x64.ActiveCfg = Release|Any CPU
		{208E1FCE-A200-42BA-9F9B-5A699449AD26}.Release|x64.Build.0 = Release|Any CPU
		{208E1FCE-A200-42BA-9F9B-5A699449AD26}.Release|x86.ActiveCfg = Release|Any CPU
		{208E1FCE-A200-42BA-9F9B-5A699449AD26}.Release|x86.Build.0 = Release|Any CPU
		{F76A2CF5-08C4-4A44-8FDC-747BD2EBAC50}.Debug|Any CPU.ActiveCfg = Debug|Any CPU
		{F76A2CF5-08C4-4A44-8FDC-747BD2EBAC50}.Debug|Any CPU.Build.0 = Debug|Any CPU
		{F76A2CF5-08C4-4A44-8FDC-747BD2EBAC50}.Debug|x64.ActiveCfg = Debug|Any CPU
		{F76A2CF5-08C4-4A44-8FDC-747BD2EBAC50}.Debug|x64.Build.0 = Debug|Any CPU
		{F76A2CF5-08C4-4A44-8FDC-747BD2EBAC50}.Debug|x86.ActiveCfg = Debug|Any CPU
		{F76A2CF5-08C4-4A44-8FDC-747BD2EBAC50}.Debug|x86.Build.0 = Debug|Any CPU
		{F76A2CF5-08C4-4A44-8FDC-747BD2EBAC50}.Release|Any CPU.ActiveCfg = Release|Any CPU
		{F76A2CF5-08C4-4A44-8FDC-747BD2EBAC50}.Release|Any CPU.Build.0 = Release|Any CPU
		{F76A2CF5-08C4-4A44-8FDC-747BD2EBAC50}.Release|x64.ActiveCfg = Release|Any CPU
		{F76A2CF5-08C4-4A44-8FDC-747BD2EBAC50}.Release|x64.Build.0 = Release|Any CPU
		{F76A2CF5-08C4-4A44-8FDC-747BD2EBAC50}.Release|x86.ActiveCfg = Release|Any CPU
		{F76A2CF5-08C4-4A44-8FDC-747BD2EBAC50}.Release|x86.Build.0 = Release|Any CPU
		{19D823C2-5916-4DDF-AB2B-6CF57B1F158E}.Debug|Any CPU.ActiveCfg = Debug|Any CPU
		{19D823C2-5916-4DDF-AB2B-6CF57B1F158E}.Debug|Any CPU.Build.0 = Debug|Any CPU
		{19D823C2-5916-4DDF-AB2B-6CF57B1F158E}.Debug|x64.ActiveCfg = Debug|Any CPU
		{19D823C2-5916-4DDF-AB2B-6CF57B1F158E}.Debug|x64.Build.0 = Debug|Any CPU
		{19D823C2-5916-4DDF-AB2B-6CF57B1F158E}.Debug|x86.ActiveCfg = Debug|Any CPU
		{19D823C2-5916-4DDF-AB2B-6CF57B1F158E}.Debug|x86.Build.0 = Debug|Any CPU
		{19D823C2-5916-4DDF-AB2B-6CF57B1F158E}.Release|Any CPU.ActiveCfg = Release|Any CPU
		{19D823C2-5916-4DDF-AB2B-6CF57B1F158E}.Release|Any CPU.Build.0 = Release|Any CPU
		{19D823C2-5916-4DDF-AB2B-6CF57B1F158E}.Release|x64.ActiveCfg = Release|Any CPU
		{19D823C2-5916-4DDF-AB2B-6CF57B1F158E}.Release|x64.Build.0 = Release|Any CPU
		{19D823C2-5916-4DDF-AB2B-6CF57B1F158E}.Release|x86.ActiveCfg = Release|Any CPU
		{19D823C2-5916-4DDF-AB2B-6CF57B1F158E}.Release|x86.Build.0 = Release|Any CPU
		{083074D5-C745-4B66-8C5F-57F394C86AC5}.Debug|Any CPU.ActiveCfg = Debug|Any CPU
		{083074D5-C745-4B66-8C5F-57F394C86AC5}.Debug|Any CPU.Build.0 = Debug|Any CPU
		{083074D5-C745-4B66-8C5F-57F394C86AC5}.Debug|x64.ActiveCfg = Debug|Any CPU
		{083074D5-C745-4B66-8C5F-57F394C86AC5}.Debug|x64.Build.0 = Debug|Any CPU
		{083074D5-C745-4B66-8C5F-57F394C86AC5}.Debug|x86.ActiveCfg = Debug|Any CPU
		{083074D5-C745-4B66-8C5F-57F394C86AC5}.Debug|x86.Build.0 = Debug|Any CPU
		{083074D5-C745-4B66-8C5F-57F394C86AC5}.Release|Any CPU.ActiveCfg = Release|Any CPU
		{083074D5-C745-4B66-8C5F-57F394C86AC5}.Release|Any CPU.Build.0 = Release|Any CPU
		{083074D5-C745-4B66-8C5F-57F394C86AC5}.Release|x64.ActiveCfg = Release|Any CPU
		{083074D5-C745-4B66-8C5F-57F394C86AC5}.Release|x64.Build.0 = Release|Any CPU
		{083074D5-C745-4B66-8C5F-57F394C86AC5}.Release|x86.ActiveCfg = Release|Any CPU
		{083074D5-C745-4B66-8C5F-57F394C86AC5}.Release|x86.Build.0 = Release|Any CPU
		{3FCD8F4F-B170-437B-850A-A1C9430DEE5F}.Debug|Any CPU.ActiveCfg = Debug|Any CPU
		{3FCD8F4F-B170-437B-850A-A1C9430DEE5F}.Debug|Any CPU.Build.0 = Debug|Any CPU
		{3FCD8F4F-B170-437B-850A-A1C9430DEE5F}.Debug|x64.ActiveCfg = Debug|Any CPU
		{3FCD8F4F-B170-437B-850A-A1C9430DEE5F}.Debug|x64.Build.0 = Debug|Any CPU
		{3FCD8F4F-B170-437B-850A-A1C9430DEE5F}.Debug|x86.ActiveCfg = Debug|Any CPU
		{3FCD8F4F-B170-437B-850A-A1C9430DEE5F}.Debug|x86.Build.0 = Debug|Any CPU
		{3FCD8F4F-B170-437B-850A-A1C9430DEE5F}.Release|Any CPU.ActiveCfg = Release|Any CPU
		{3FCD8F4F-B170-437B-850A-A1C9430DEE5F}.Release|Any CPU.Build.0 = Release|Any CPU
		{3FCD8F4F-B170-437B-850A-A1C9430DEE5F}.Release|x64.ActiveCfg = Release|Any CPU
		{3FCD8F4F-B170-437B-850A-A1C9430DEE5F}.Release|x64.Build.0 = Release|Any CPU
		{3FCD8F4F-B170-437B-850A-A1C9430DEE5F}.Release|x86.ActiveCfg = Release|Any CPU
		{3FCD8F4F-B170-437B-850A-A1C9430DEE5F}.Release|x86.Build.0 = Release|Any CPU
		{1689B652-43D2-4727-89D5-3AFE8F7299AA}.Debug|Any CPU.ActiveCfg = Debug|Any CPU
		{1689B652-43D2-4727-89D5-3AFE8F7299AA}.Debug|Any CPU.Build.0 = Debug|Any CPU
		{1689B652-43D2-4727-89D5-3AFE8F7299AA}.Debug|x64.ActiveCfg = Debug|Any CPU
		{1689B652-43D2-4727-89D5-3AFE8F7299AA}.Debug|x64.Build.0 = Debug|Any CPU
		{1689B652-43D2-4727-89D5-3AFE8F7299AA}.Debug|x86.ActiveCfg = Debug|Any CPU
		{1689B652-43D2-4727-89D5-3AFE8F7299AA}.Debug|x86.Build.0 = Debug|Any CPU
		{1689B652-43D2-4727-89D5-3AFE8F7299AA}.Release|Any CPU.ActiveCfg = Release|Any CPU
		{1689B652-43D2-4727-89D5-3AFE8F7299AA}.Release|Any CPU.Build.0 = Release|Any CPU
		{1689B652-43D2-4727-89D5-3AFE8F7299AA}.Release|x64.ActiveCfg = Release|Any CPU
		{1689B652-43D2-4727-89D5-3AFE8F7299AA}.Release|x64.Build.0 = Release|Any CPU
		{1689B652-43D2-4727-89D5-3AFE8F7299AA}.Release|x86.ActiveCfg = Release|Any CPU
		{1689B652-43D2-4727-89D5-3AFE8F7299AA}.Release|x86.Build.0 = Release|Any CPU
		{58950BED-1602-47D0-B0E5-AD0EE66FA34F}.Debug|Any CPU.ActiveCfg = Debug|Any CPU
		{58950BED-1602-47D0-B0E5-AD0EE66FA34F}.Debug|Any CPU.Build.0 = Debug|Any CPU
		{58950BED-1602-47D0-B0E5-AD0EE66FA34F}.Debug|x64.ActiveCfg = Debug|Any CPU
		{58950BED-1602-47D0-B0E5-AD0EE66FA34F}.Debug|x64.Build.0 = Debug|Any CPU
		{58950BED-1602-47D0-B0E5-AD0EE66FA34F}.Debug|x86.ActiveCfg = Debug|Any CPU
		{58950BED-1602-47D0-B0E5-AD0EE66FA34F}.Debug|x86.Build.0 = Debug|Any CPU
		{58950BED-1602-47D0-B0E5-AD0EE66FA34F}.Release|Any CPU.ActiveCfg = Release|Any CPU
		{58950BED-1602-47D0-B0E5-AD0EE66FA34F}.Release|Any CPU.Build.0 = Release|Any CPU
		{58950BED-1602-47D0-B0E5-AD0EE66FA34F}.Release|x64.ActiveCfg = Release|Any CPU
		{58950BED-1602-47D0-B0E5-AD0EE66FA34F}.Release|x64.Build.0 = Release|Any CPU
		{58950BED-1602-47D0-B0E5-AD0EE66FA34F}.Release|x86.ActiveCfg = Release|Any CPU
		{58950BED-1602-47D0-B0E5-AD0EE66FA34F}.Release|x86.Build.0 = Release|Any CPU
		{2D689042-A609-4989-B0AB-968B0E8FE8AF}.Debug|Any CPU.ActiveCfg = Debug|Any CPU
		{2D689042-A609-4989-B0AB-968B0E8FE8AF}.Debug|Any CPU.Build.0 = Debug|Any CPU
		{2D689042-A609-4989-B0AB-968B0E8FE8AF}.Debug|x64.ActiveCfg = Debug|Any CPU
		{2D689042-A609-4989-B0AB-968B0E8FE8AF}.Debug|x64.Build.0 = Debug|Any CPU
		{2D689042-A609-4989-B0AB-968B0E8FE8AF}.Debug|x86.ActiveCfg = Debug|Any CPU
		{2D689042-A609-4989-B0AB-968B0E8FE8AF}.Debug|x86.Build.0 = Debug|Any CPU
		{2D689042-A609-4989-B0AB-968B0E8FE8AF}.Release|Any CPU.ActiveCfg = Release|Any CPU
		{2D689042-A609-4989-B0AB-968B0E8FE8AF}.Release|Any CPU.Build.0 = Release|Any CPU
		{2D689042-A609-4989-B0AB-968B0E8FE8AF}.Release|x64.ActiveCfg = Release|Any CPU
		{2D689042-A609-4989-B0AB-968B0E8FE8AF}.Release|x64.Build.0 = Release|Any CPU
		{2D689042-A609-4989-B0AB-968B0E8FE8AF}.Release|x86.ActiveCfg = Release|Any CPU
		{2D689042-A609-4989-B0AB-968B0E8FE8AF}.Release|x86.Build.0 = Release|Any CPU
		{9E581ED1-8186-428C-B384-342317602203}.Debug|Any CPU.ActiveCfg = Debug|Any CPU
		{9E581ED1-8186-428C-B384-342317602203}.Debug|Any CPU.Build.0 = Debug|Any CPU
		{9E581ED1-8186-428C-B384-342317602203}.Debug|x64.ActiveCfg = Debug|Any CPU
		{9E581ED1-8186-428C-B384-342317602203}.Debug|x64.Build.0 = Debug|Any CPU
		{9E581ED1-8186-428C-B384-342317602203}.Debug|x86.ActiveCfg = Debug|Any CPU
		{9E581ED1-8186-428C-B384-342317602203}.Debug|x86.Build.0 = Debug|Any CPU
		{9E581ED1-8186-428C-B384-342317602203}.Release|Any CPU.ActiveCfg = Release|Any CPU
		{9E581ED1-8186-428C-B384-342317602203}.Release|Any CPU.Build.0 = Release|Any CPU
		{9E581ED1-8186-428C-B384-342317602203}.Release|x64.ActiveCfg = Release|Any CPU
		{9E581ED1-8186-428C-B384-342317602203}.Release|x64.Build.0 = Release|Any CPU
		{9E581ED1-8186-428C-B384-342317602203}.Release|x86.ActiveCfg = Release|Any CPU
		{9E581ED1-8186-428C-B384-342317602203}.Release|x86.Build.0 = Release|Any CPU
		{3220A7A6-B943-476E-9DBD-44F3B73A5FDA}.Debug|Any CPU.ActiveCfg = Debug|Any CPU
		{3220A7A6-B943-476E-9DBD-44F3B73A5FDA}.Debug|Any CPU.Build.0 = Debug|Any CPU
		{3220A7A6-B943-476E-9DBD-44F3B73A5FDA}.Debug|x64.ActiveCfg = Debug|Any CPU
		{3220A7A6-B943-476E-9DBD-44F3B73A5FDA}.Debug|x64.Build.0 = Debug|Any CPU
		{3220A7A6-B943-476E-9DBD-44F3B73A5FDA}.Debug|x86.ActiveCfg = Debug|Any CPU
		{3220A7A6-B943-476E-9DBD-44F3B73A5FDA}.Debug|x86.Build.0 = Debug|Any CPU
		{3220A7A6-B943-476E-9DBD-44F3B73A5FDA}.Release|Any CPU.ActiveCfg = Release|Any CPU
		{3220A7A6-B943-476E-9DBD-44F3B73A5FDA}.Release|Any CPU.Build.0 = Release|Any CPU
		{3220A7A6-B943-476E-9DBD-44F3B73A5FDA}.Release|x64.ActiveCfg = Release|Any CPU
		{3220A7A6-B943-476E-9DBD-44F3B73A5FDA}.Release|x64.Build.0 = Release|Any CPU
		{3220A7A6-B943-476E-9DBD-44F3B73A5FDA}.Release|x86.ActiveCfg = Release|Any CPU
		{3220A7A6-B943-476E-9DBD-44F3B73A5FDA}.Release|x86.Build.0 = Release|Any CPU
		{94EB029D-2742-4013-9AEA-57817D86D097}.Debug|Any CPU.ActiveCfg = Debug|Any CPU
		{94EB029D-2742-4013-9AEA-57817D86D097}.Debug|Any CPU.Build.0 = Debug|Any CPU
		{94EB029D-2742-4013-9AEA-57817D86D097}.Debug|x64.ActiveCfg = Debug|Any CPU
		{94EB029D-2742-4013-9AEA-57817D86D097}.Debug|x64.Build.0 = Debug|Any CPU
		{94EB029D-2742-4013-9AEA-57817D86D097}.Debug|x86.ActiveCfg = Debug|Any CPU
		{94EB029D-2742-4013-9AEA-57817D86D097}.Debug|x86.Build.0 = Debug|Any CPU
		{94EB029D-2742-4013-9AEA-57817D86D097}.Release|Any CPU.ActiveCfg = Release|Any CPU
		{94EB029D-2742-4013-9AEA-57817D86D097}.Release|Any CPU.Build.0 = Release|Any CPU
		{94EB029D-2742-4013-9AEA-57817D86D097}.Release|x64.ActiveCfg = Release|Any CPU
		{94EB029D-2742-4013-9AEA-57817D86D097}.Release|x64.Build.0 = Release|Any CPU
		{94EB029D-2742-4013-9AEA-57817D86D097}.Release|x86.ActiveCfg = Release|Any CPU
		{94EB029D-2742-4013-9AEA-57817D86D097}.Release|x86.Build.0 = Release|Any CPU
		{A9384302-7BFB-48E0-B3B1-252A369EF693}.Debug|Any CPU.ActiveCfg = Debug|Any CPU
		{A9384302-7BFB-48E0-B3B1-252A369EF693}.Debug|Any CPU.Build.0 = Debug|Any CPU
		{A9384302-7BFB-48E0-B3B1-252A369EF693}.Debug|x64.ActiveCfg = Debug|Any CPU
		{A9384302-7BFB-48E0-B3B1-252A369EF693}.Debug|x64.Build.0 = Debug|Any CPU
		{A9384302-7BFB-48E0-B3B1-252A369EF693}.Debug|x86.ActiveCfg = Debug|Any CPU
		{A9384302-7BFB-48E0-B3B1-252A369EF693}.Debug|x86.Build.0 = Debug|Any CPU
		{A9384302-7BFB-48E0-B3B1-252A369EF693}.Release|Any CPU.ActiveCfg = Release|Any CPU
		{A9384302-7BFB-48E0-B3B1-252A369EF693}.Release|Any CPU.Build.0 = Release|Any CPU
		{A9384302-7BFB-48E0-B3B1-252A369EF693}.Release|x64.ActiveCfg = Release|Any CPU
		{A9384302-7BFB-48E0-B3B1-252A369EF693}.Release|x64.Build.0 = Release|Any CPU
		{A9384302-7BFB-48E0-B3B1-252A369EF693}.Release|x86.ActiveCfg = Release|Any CPU
		{A9384302-7BFB-48E0-B3B1-252A369EF693}.Release|x86.Build.0 = Release|Any CPU
		{E5F919EB-7847-4B82-8888-78522645B1C9}.Debug|Any CPU.ActiveCfg = Debug|Any CPU
		{E5F919EB-7847-4B82-8888-78522645B1C9}.Debug|Any CPU.Build.0 = Debug|Any CPU
		{E5F919EB-7847-4B82-8888-78522645B1C9}.Debug|x64.ActiveCfg = Debug|Any CPU
		{E5F919EB-7847-4B82-8888-78522645B1C9}.Debug|x64.Build.0 = Debug|Any CPU
		{E5F919EB-7847-4B82-8888-78522645B1C9}.Debug|x86.ActiveCfg = Debug|Any CPU
		{E5F919EB-7847-4B82-8888-78522645B1C9}.Debug|x86.Build.0 = Debug|Any CPU
		{E5F919EB-7847-4B82-8888-78522645B1C9}.Release|Any CPU.ActiveCfg = Release|Any CPU
		{E5F919EB-7847-4B82-8888-78522645B1C9}.Release|Any CPU.Build.0 = Release|Any CPU
		{E5F919EB-7847-4B82-8888-78522645B1C9}.Release|x64.ActiveCfg = Release|Any CPU
		{E5F919EB-7847-4B82-8888-78522645B1C9}.Release|x64.Build.0 = Release|Any CPU
		{E5F919EB-7847-4B82-8888-78522645B1C9}.Release|x86.ActiveCfg = Release|Any CPU
		{E5F919EB-7847-4B82-8888-78522645B1C9}.Release|x86.Build.0 = Release|Any CPU
		{339CE759-36AE-49B5-BEC0-810505E4CCF7}.Debug|Any CPU.ActiveCfg = Debug|Any CPU
		{339CE759-36AE-49B5-BEC0-810505E4CCF7}.Debug|Any CPU.Build.0 = Debug|Any CPU
		{339CE759-36AE-49B5-BEC0-810505E4CCF7}.Debug|x64.ActiveCfg = Debug|Any CPU
		{339CE759-36AE-49B5-BEC0-810505E4CCF7}.Debug|x64.Build.0 = Debug|Any CPU
		{339CE759-36AE-49B5-BEC0-810505E4CCF7}.Debug|x86.ActiveCfg = Debug|Any CPU
		{339CE759-36AE-49B5-BEC0-810505E4CCF7}.Debug|x86.Build.0 = Debug|Any CPU
		{339CE759-36AE-49B5-BEC0-810505E4CCF7}.Release|Any CPU.ActiveCfg = Release|Any CPU
		{339CE759-36AE-49B5-BEC0-810505E4CCF7}.Release|Any CPU.Build.0 = Release|Any CPU
		{339CE759-36AE-49B5-BEC0-810505E4CCF7}.Release|x64.ActiveCfg = Release|Any CPU
		{339CE759-36AE-49B5-BEC0-810505E4CCF7}.Release|x64.Build.0 = Release|Any CPU
		{339CE759-36AE-49B5-BEC0-810505E4CCF7}.Release|x86.ActiveCfg = Release|Any CPU
		{339CE759-36AE-49B5-BEC0-810505E4CCF7}.Release|x86.Build.0 = Release|Any CPU
		{C2B2B1DC-EC52-4058-8203-B6CBC3AFC517}.Debug|Any CPU.ActiveCfg = Debug|Any CPU
		{C2B2B1DC-EC52-4058-8203-B6CBC3AFC517}.Debug|Any CPU.Build.0 = Debug|Any CPU
		{C2B2B1DC-EC52-4058-8203-B6CBC3AFC517}.Debug|x64.ActiveCfg = Debug|Any CPU
		{C2B2B1DC-EC52-4058-8203-B6CBC3AFC517}.Debug|x64.Build.0 = Debug|Any CPU
		{C2B2B1DC-EC52-4058-8203-B6CBC3AFC517}.Debug|x86.ActiveCfg = Debug|Any CPU
		{C2B2B1DC-EC52-4058-8203-B6CBC3AFC517}.Debug|x86.Build.0 = Debug|Any CPU
		{C2B2B1DC-EC52-4058-8203-B6CBC3AFC517}.Release|Any CPU.ActiveCfg = Release|Any CPU
		{C2B2B1DC-EC52-4058-8203-B6CBC3AFC517}.Release|Any CPU.Build.0 = Release|Any CPU
		{C2B2B1DC-EC52-4058-8203-B6CBC3AFC517}.Release|x64.ActiveCfg = Release|Any CPU
		{C2B2B1DC-EC52-4058-8203-B6CBC3AFC517}.Release|x64.Build.0 = Release|Any CPU
		{C2B2B1DC-EC52-4058-8203-B6CBC3AFC517}.Release|x86.ActiveCfg = Release|Any CPU
		{C2B2B1DC-EC52-4058-8203-B6CBC3AFC517}.Release|x86.Build.0 = Release|Any CPU
		{5B1808C4-3A6E-465D-AC91-807B28A38744}.Debug|Any CPU.ActiveCfg = Debug|Any CPU
		{5B1808C4-3A6E-465D-AC91-807B28A38744}.Debug|Any CPU.Build.0 = Debug|Any CPU
		{5B1808C4-3A6E-465D-AC91-807B28A38744}.Debug|x64.ActiveCfg = Debug|Any CPU
		{5B1808C4-3A6E-465D-AC91-807B28A38744}.Debug|x64.Build.0 = Debug|Any CPU
		{5B1808C4-3A6E-465D-AC91-807B28A38744}.Debug|x86.ActiveCfg = Debug|Any CPU
		{5B1808C4-3A6E-465D-AC91-807B28A38744}.Debug|x86.Build.0 = Debug|Any CPU
		{5B1808C4-3A6E-465D-AC91-807B28A38744}.Release|Any CPU.ActiveCfg = Release|Any CPU
		{5B1808C4-3A6E-465D-AC91-807B28A38744}.Release|Any CPU.Build.0 = Release|Any CPU
		{5B1808C4-3A6E-465D-AC91-807B28A38744}.Release|x64.ActiveCfg = Release|Any CPU
		{5B1808C4-3A6E-465D-AC91-807B28A38744}.Release|x64.Build.0 = Release|Any CPU
		{5B1808C4-3A6E-465D-AC91-807B28A38744}.Release|x86.ActiveCfg = Release|Any CPU
		{5B1808C4-3A6E-465D-AC91-807B28A38744}.Release|x86.Build.0 = Release|Any CPU
		{B108DBAE-66FE-40C8-ADD7-F1A081442F68}.Debug|Any CPU.ActiveCfg = Debug|Any CPU
		{B108DBAE-66FE-40C8-ADD7-F1A081442F68}.Debug|Any CPU.Build.0 = Debug|Any CPU
		{B108DBAE-66FE-40C8-ADD7-F1A081442F68}.Debug|x64.ActiveCfg = Debug|Any CPU
		{B108DBAE-66FE-40C8-ADD7-F1A081442F68}.Debug|x64.Build.0 = Debug|Any CPU
		{B108DBAE-66FE-40C8-ADD7-F1A081442F68}.Debug|x86.ActiveCfg = Debug|Any CPU
		{B108DBAE-66FE-40C8-ADD7-F1A081442F68}.Debug|x86.Build.0 = Debug|Any CPU
		{B108DBAE-66FE-40C8-ADD7-F1A081442F68}.Release|Any CPU.ActiveCfg = Release|Any CPU
		{B108DBAE-66FE-40C8-ADD7-F1A081442F68}.Release|Any CPU.Build.0 = Release|Any CPU
		{B108DBAE-66FE-40C8-ADD7-F1A081442F68}.Release|x64.ActiveCfg = Release|Any CPU
		{B108DBAE-66FE-40C8-ADD7-F1A081442F68}.Release|x64.Build.0 = Release|Any CPU
		{B108DBAE-66FE-40C8-ADD7-F1A081442F68}.Release|x86.ActiveCfg = Release|Any CPU
		{B108DBAE-66FE-40C8-ADD7-F1A081442F68}.Release|x86.Build.0 = Release|Any CPU
		{024DEBE9-4FFC-4163-81E5-069D7B9D67EB}.Debug|Any CPU.ActiveCfg = Debug|Any CPU
		{024DEBE9-4FFC-4163-81E5-069D7B9D67EB}.Debug|Any CPU.Build.0 = Debug|Any CPU
		{024DEBE9-4FFC-4163-81E5-069D7B9D67EB}.Debug|x64.ActiveCfg = Debug|Any CPU
		{024DEBE9-4FFC-4163-81E5-069D7B9D67EB}.Debug|x64.Build.0 = Debug|Any CPU
		{024DEBE9-4FFC-4163-81E5-069D7B9D67EB}.Debug|x86.ActiveCfg = Debug|Any CPU
		{024DEBE9-4FFC-4163-81E5-069D7B9D67EB}.Debug|x86.Build.0 = Debug|Any CPU
		{024DEBE9-4FFC-4163-81E5-069D7B9D67EB}.Release|Any CPU.ActiveCfg = Release|Any CPU
		{024DEBE9-4FFC-4163-81E5-069D7B9D67EB}.Release|Any CPU.Build.0 = Release|Any CPU
		{024DEBE9-4FFC-4163-81E5-069D7B9D67EB}.Release|x64.ActiveCfg = Release|Any CPU
		{024DEBE9-4FFC-4163-81E5-069D7B9D67EB}.Release|x64.Build.0 = Release|Any CPU
		{024DEBE9-4FFC-4163-81E5-069D7B9D67EB}.Release|x86.ActiveCfg = Release|Any CPU
		{024DEBE9-4FFC-4163-81E5-069D7B9D67EB}.Release|x86.Build.0 = Release|Any CPU
		{6EEBD82A-CC6B-4AE5-ACB0-E69170B1D239}.Debug|Any CPU.ActiveCfg = Debug|Any CPU
		{6EEBD82A-CC6B-4AE5-ACB0-E69170B1D239}.Debug|Any CPU.Build.0 = Debug|Any CPU
		{6EEBD82A-CC6B-4AE5-ACB0-E69170B1D239}.Debug|x64.ActiveCfg = Debug|Any CPU
		{6EEBD82A-CC6B-4AE5-ACB0-E69170B1D239}.Debug|x64.Build.0 = Debug|Any CPU
		{6EEBD82A-CC6B-4AE5-ACB0-E69170B1D239}.Debug|x86.ActiveCfg = Debug|Any CPU
		{6EEBD82A-CC6B-4AE5-ACB0-E69170B1D239}.Debug|x86.Build.0 = Debug|Any CPU
		{6EEBD82A-CC6B-4AE5-ACB0-E69170B1D239}.Release|Any CPU.ActiveCfg = Release|Any CPU
		{6EEBD82A-CC6B-4AE5-ACB0-E69170B1D239}.Release|Any CPU.Build.0 = Release|Any CPU
		{6EEBD82A-CC6B-4AE5-ACB0-E69170B1D239}.Release|x64.ActiveCfg = Release|Any CPU
		{6EEBD82A-CC6B-4AE5-ACB0-E69170B1D239}.Release|x64.Build.0 = Release|Any CPU
		{6EEBD82A-CC6B-4AE5-ACB0-E69170B1D239}.Release|x86.ActiveCfg = Release|Any CPU
		{6EEBD82A-CC6B-4AE5-ACB0-E69170B1D239}.Release|x86.Build.0 = Release|Any CPU
		{6C6C5ED7-7B45-4739-BE11-0068C72481CE}.Debug|Any CPU.ActiveCfg = Debug|Any CPU
		{6C6C5ED7-7B45-4739-BE11-0068C72481CE}.Debug|Any CPU.Build.0 = Debug|Any CPU
		{6C6C5ED7-7B45-4739-BE11-0068C72481CE}.Debug|x64.ActiveCfg = Debug|Any CPU
		{6C6C5ED7-7B45-4739-BE11-0068C72481CE}.Debug|x64.Build.0 = Debug|Any CPU
		{6C6C5ED7-7B45-4739-BE11-0068C72481CE}.Debug|x86.ActiveCfg = Debug|Any CPU
		{6C6C5ED7-7B45-4739-BE11-0068C72481CE}.Debug|x86.Build.0 = Debug|Any CPU
		{6C6C5ED7-7B45-4739-BE11-0068C72481CE}.Release|Any CPU.ActiveCfg = Release|Any CPU
		{6C6C5ED7-7B45-4739-BE11-0068C72481CE}.Release|Any CPU.Build.0 = Release|Any CPU
		{6C6C5ED7-7B45-4739-BE11-0068C72481CE}.Release|x64.ActiveCfg = Release|Any CPU
		{6C6C5ED7-7B45-4739-BE11-0068C72481CE}.Release|x64.Build.0 = Release|Any CPU
		{6C6C5ED7-7B45-4739-BE11-0068C72481CE}.Release|x86.ActiveCfg = Release|Any CPU
		{6C6C5ED7-7B45-4739-BE11-0068C72481CE}.Release|x86.Build.0 = Release|Any CPU
		{DF85C289-B126-4B87-9F39-0693282856A3}.Debug|Any CPU.ActiveCfg = Debug|Any CPU
		{DF85C289-B126-4B87-9F39-0693282856A3}.Debug|Any CPU.Build.0 = Debug|Any CPU
		{DF85C289-B126-4B87-9F39-0693282856A3}.Debug|x64.ActiveCfg = Debug|Any CPU
		{DF85C289-B126-4B87-9F39-0693282856A3}.Debug|x64.Build.0 = Debug|Any CPU
		{DF85C289-B126-4B87-9F39-0693282856A3}.Debug|x86.ActiveCfg = Debug|Any CPU
		{DF85C289-B126-4B87-9F39-0693282856A3}.Debug|x86.Build.0 = Debug|Any CPU
		{DF85C289-B126-4B87-9F39-0693282856A3}.Release|Any CPU.ActiveCfg = Release|Any CPU
		{DF85C289-B126-4B87-9F39-0693282856A3}.Release|Any CPU.Build.0 = Release|Any CPU
		{DF85C289-B126-4B87-9F39-0693282856A3}.Release|x64.ActiveCfg = Release|Any CPU
		{DF85C289-B126-4B87-9F39-0693282856A3}.Release|x64.Build.0 = Release|Any CPU
		{DF85C289-B126-4B87-9F39-0693282856A3}.Release|x86.ActiveCfg = Release|Any CPU
		{DF85C289-B126-4B87-9F39-0693282856A3}.Release|x86.Build.0 = Release|Any CPU
		{5506777D-2ACE-4464-9D6D-6DFFABF450BF}.Debug|Any CPU.ActiveCfg = Debug|Any CPU
		{5506777D-2ACE-4464-9D6D-6DFFABF450BF}.Debug|Any CPU.Build.0 = Debug|Any CPU
		{5506777D-2ACE-4464-9D6D-6DFFABF450BF}.Debug|x64.ActiveCfg = Debug|Any CPU
		{5506777D-2ACE-4464-9D6D-6DFFABF450BF}.Debug|x64.Build.0 = Debug|Any CPU
		{5506777D-2ACE-4464-9D6D-6DFFABF450BF}.Debug|x86.ActiveCfg = Debug|Any CPU
		{5506777D-2ACE-4464-9D6D-6DFFABF450BF}.Debug|x86.Build.0 = Debug|Any CPU
		{5506777D-2ACE-4464-9D6D-6DFFABF450BF}.Release|Any CPU.ActiveCfg = Release|Any CPU
		{5506777D-2ACE-4464-9D6D-6DFFABF450BF}.Release|Any CPU.Build.0 = Release|Any CPU
		{5506777D-2ACE-4464-9D6D-6DFFABF450BF}.Release|x64.ActiveCfg = Release|Any CPU
		{5506777D-2ACE-4464-9D6D-6DFFABF450BF}.Release|x64.Build.0 = Release|Any CPU
		{5506777D-2ACE-4464-9D6D-6DFFABF450BF}.Release|x86.ActiveCfg = Release|Any CPU
		{5506777D-2ACE-4464-9D6D-6DFFABF450BF}.Release|x86.Build.0 = Release|Any CPU
		{AFB91F1E-3E1B-43E9-8BF3-1584AE446D62}.Debug|Any CPU.ActiveCfg = Debug|Any CPU
		{AFB91F1E-3E1B-43E9-8BF3-1584AE446D62}.Debug|Any CPU.Build.0 = Debug|Any CPU
		{AFB91F1E-3E1B-43E9-8BF3-1584AE446D62}.Debug|x64.ActiveCfg = Debug|Any CPU
		{AFB91F1E-3E1B-43E9-8BF3-1584AE446D62}.Debug|x64.Build.0 = Debug|Any CPU
		{AFB91F1E-3E1B-43E9-8BF3-1584AE446D62}.Debug|x86.ActiveCfg = Debug|Any CPU
		{AFB91F1E-3E1B-43E9-8BF3-1584AE446D62}.Debug|x86.Build.0 = Debug|Any CPU
		{AFB91F1E-3E1B-43E9-8BF3-1584AE446D62}.Release|Any CPU.ActiveCfg = Release|Any CPU
		{AFB91F1E-3E1B-43E9-8BF3-1584AE446D62}.Release|Any CPU.Build.0 = Release|Any CPU
		{AFB91F1E-3E1B-43E9-8BF3-1584AE446D62}.Release|x64.ActiveCfg = Release|Any CPU
		{AFB91F1E-3E1B-43E9-8BF3-1584AE446D62}.Release|x64.Build.0 = Release|Any CPU
		{AFB91F1E-3E1B-43E9-8BF3-1584AE446D62}.Release|x86.ActiveCfg = Release|Any CPU
		{AFB91F1E-3E1B-43E9-8BF3-1584AE446D62}.Release|x86.Build.0 = Release|Any CPU
		{0061D299-9CCA-4646-91AB-1D543942BADA}.Debug|Any CPU.ActiveCfg = Debug|Any CPU
		{0061D299-9CCA-4646-91AB-1D543942BADA}.Debug|Any CPU.Build.0 = Debug|Any CPU
		{0061D299-9CCA-4646-91AB-1D543942BADA}.Debug|x64.ActiveCfg = Debug|Any CPU
		{0061D299-9CCA-4646-91AB-1D543942BADA}.Debug|x64.Build.0 = Debug|Any CPU
		{0061D299-9CCA-4646-91AB-1D543942BADA}.Debug|x86.ActiveCfg = Debug|Any CPU
		{0061D299-9CCA-4646-91AB-1D543942BADA}.Debug|x86.Build.0 = Debug|Any CPU
		{0061D299-9CCA-4646-91AB-1D543942BADA}.Release|Any CPU.ActiveCfg = Release|Any CPU
		{0061D299-9CCA-4646-91AB-1D543942BADA}.Release|Any CPU.Build.0 = Release|Any CPU
		{0061D299-9CCA-4646-91AB-1D543942BADA}.Release|x64.ActiveCfg = Release|Any CPU
		{0061D299-9CCA-4646-91AB-1D543942BADA}.Release|x64.Build.0 = Release|Any CPU
		{0061D299-9CCA-4646-91AB-1D543942BADA}.Release|x86.ActiveCfg = Release|Any CPU
		{0061D299-9CCA-4646-91AB-1D543942BADA}.Release|x86.Build.0 = Release|Any CPU
		{2CB06921-401E-414C-88A5-CC67F1D06849}.Debug|Any CPU.ActiveCfg = Debug|Any CPU
		{2CB06921-401E-414C-88A5-CC67F1D06849}.Debug|Any CPU.Build.0 = Debug|Any CPU
		{2CB06921-401E-414C-88A5-CC67F1D06849}.Debug|x64.ActiveCfg = Debug|Any CPU
		{2CB06921-401E-414C-88A5-CC67F1D06849}.Debug|x64.Build.0 = Debug|Any CPU
		{2CB06921-401E-414C-88A5-CC67F1D06849}.Debug|x86.ActiveCfg = Debug|Any CPU
		{2CB06921-401E-414C-88A5-CC67F1D06849}.Debug|x86.Build.0 = Debug|Any CPU
		{2CB06921-401E-414C-88A5-CC67F1D06849}.Release|Any CPU.ActiveCfg = Release|Any CPU
		{2CB06921-401E-414C-88A5-CC67F1D06849}.Release|Any CPU.Build.0 = Release|Any CPU
		{2CB06921-401E-414C-88A5-CC67F1D06849}.Release|x64.ActiveCfg = Release|Any CPU
		{2CB06921-401E-414C-88A5-CC67F1D06849}.Release|x64.Build.0 = Release|Any CPU
		{2CB06921-401E-414C-88A5-CC67F1D06849}.Release|x86.ActiveCfg = Release|Any CPU
		{2CB06921-401E-414C-88A5-CC67F1D06849}.Release|x86.Build.0 = Release|Any CPU
		{961B3085-5E6C-44BA-8C1D-39253B88CE66}.Debug|Any CPU.ActiveCfg = Debug|Any CPU
		{961B3085-5E6C-44BA-8C1D-39253B88CE66}.Debug|Any CPU.Build.0 = Debug|Any CPU
		{961B3085-5E6C-44BA-8C1D-39253B88CE66}.Debug|x64.ActiveCfg = Debug|Any CPU
		{961B3085-5E6C-44BA-8C1D-39253B88CE66}.Debug|x64.Build.0 = Debug|Any CPU
		{961B3085-5E6C-44BA-8C1D-39253B88CE66}.Debug|x86.ActiveCfg = Debug|Any CPU
		{961B3085-5E6C-44BA-8C1D-39253B88CE66}.Debug|x86.Build.0 = Debug|Any CPU
		{961B3085-5E6C-44BA-8C1D-39253B88CE66}.Release|Any CPU.ActiveCfg = Release|Any CPU
		{961B3085-5E6C-44BA-8C1D-39253B88CE66}.Release|Any CPU.Build.0 = Release|Any CPU
		{961B3085-5E6C-44BA-8C1D-39253B88CE66}.Release|x64.ActiveCfg = Release|Any CPU
		{961B3085-5E6C-44BA-8C1D-39253B88CE66}.Release|x64.Build.0 = Release|Any CPU
		{961B3085-5E6C-44BA-8C1D-39253B88CE66}.Release|x86.ActiveCfg = Release|Any CPU
		{961B3085-5E6C-44BA-8C1D-39253B88CE66}.Release|x86.Build.0 = Release|Any CPU
		{59EE0C11-2011-41A4-BAD2-9BC8DF6BB3D1}.Debug|Any CPU.ActiveCfg = Debug|Any CPU
		{59EE0C11-2011-41A4-BAD2-9BC8DF6BB3D1}.Debug|Any CPU.Build.0 = Debug|Any CPU
		{59EE0C11-2011-41A4-BAD2-9BC8DF6BB3D1}.Debug|x64.ActiveCfg = Debug|Any CPU
		{59EE0C11-2011-41A4-BAD2-9BC8DF6BB3D1}.Debug|x64.Build.0 = Debug|Any CPU
		{59EE0C11-2011-41A4-BAD2-9BC8DF6BB3D1}.Debug|x86.ActiveCfg = Debug|Any CPU
		{59EE0C11-2011-41A4-BAD2-9BC8DF6BB3D1}.Debug|x86.Build.0 = Debug|Any CPU
		{59EE0C11-2011-41A4-BAD2-9BC8DF6BB3D1}.Release|Any CPU.ActiveCfg = Release|Any CPU
		{59EE0C11-2011-41A4-BAD2-9BC8DF6BB3D1}.Release|Any CPU.Build.0 = Release|Any CPU
		{59EE0C11-2011-41A4-BAD2-9BC8DF6BB3D1}.Release|x64.ActiveCfg = Release|Any CPU
		{59EE0C11-2011-41A4-BAD2-9BC8DF6BB3D1}.Release|x64.Build.0 = Release|Any CPU
		{59EE0C11-2011-41A4-BAD2-9BC8DF6BB3D1}.Release|x86.ActiveCfg = Release|Any CPU
		{59EE0C11-2011-41A4-BAD2-9BC8DF6BB3D1}.Release|x86.Build.0 = Release|Any CPU
		{48D60E4B-ED17-459D-A8F8-43FCED23FC49}.Debug|Any CPU.ActiveCfg = Debug|Any CPU
		{48D60E4B-ED17-459D-A8F8-43FCED23FC49}.Debug|Any CPU.Build.0 = Debug|Any CPU
		{48D60E4B-ED17-459D-A8F8-43FCED23FC49}.Debug|x64.ActiveCfg = Debug|Any CPU
		{48D60E4B-ED17-459D-A8F8-43FCED23FC49}.Debug|x64.Build.0 = Debug|Any CPU
		{48D60E4B-ED17-459D-A8F8-43FCED23FC49}.Debug|x86.ActiveCfg = Debug|Any CPU
		{48D60E4B-ED17-459D-A8F8-43FCED23FC49}.Debug|x86.Build.0 = Debug|Any CPU
		{48D60E4B-ED17-459D-A8F8-43FCED23FC49}.Release|Any CPU.ActiveCfg = Release|Any CPU
		{48D60E4B-ED17-459D-A8F8-43FCED23FC49}.Release|Any CPU.Build.0 = Release|Any CPU
		{48D60E4B-ED17-459D-A8F8-43FCED23FC49}.Release|x64.ActiveCfg = Release|Any CPU
		{48D60E4B-ED17-459D-A8F8-43FCED23FC49}.Release|x64.Build.0 = Release|Any CPU
		{48D60E4B-ED17-459D-A8F8-43FCED23FC49}.Release|x86.ActiveCfg = Release|Any CPU
		{48D60E4B-ED17-459D-A8F8-43FCED23FC49}.Release|x86.Build.0 = Release|Any CPU
		{A3FEF870-FF4C-4DAC-9865-DE72A90CF773}.Debug|Any CPU.ActiveCfg = Debug|Any CPU
		{A3FEF870-FF4C-4DAC-9865-DE72A90CF773}.Debug|Any CPU.Build.0 = Debug|Any CPU
		{A3FEF870-FF4C-4DAC-9865-DE72A90CF773}.Debug|x64.ActiveCfg = Debug|Any CPU
		{A3FEF870-FF4C-4DAC-9865-DE72A90CF773}.Debug|x64.Build.0 = Debug|Any CPU
		{A3FEF870-FF4C-4DAC-9865-DE72A90CF773}.Debug|x86.ActiveCfg = Debug|Any CPU
		{A3FEF870-FF4C-4DAC-9865-DE72A90CF773}.Debug|x86.Build.0 = Debug|Any CPU
		{A3FEF870-FF4C-4DAC-9865-DE72A90CF773}.Release|Any CPU.ActiveCfg = Release|Any CPU
		{A3FEF870-FF4C-4DAC-9865-DE72A90CF773}.Release|Any CPU.Build.0 = Release|Any CPU
		{A3FEF870-FF4C-4DAC-9865-DE72A90CF773}.Release|x64.ActiveCfg = Release|Any CPU
		{A3FEF870-FF4C-4DAC-9865-DE72A90CF773}.Release|x64.Build.0 = Release|Any CPU
		{A3FEF870-FF4C-4DAC-9865-DE72A90CF773}.Release|x86.ActiveCfg = Release|Any CPU
		{A3FEF870-FF4C-4DAC-9865-DE72A90CF773}.Release|x86.Build.0 = Release|Any CPU
	EndGlobalSection
	GlobalSection(SolutionProperties) = preSolution
		HideSolutionNode = FALSE
	EndGlobalSection
	GlobalSection(NestedProjects) = preSolution
		{208E1FCE-A200-42BA-9F9B-5A699449AD26} = {CE9B549A-F6C9-4648-B09B-FC986524518F}
		{F76A2CF5-08C4-4A44-8FDC-747BD2EBAC50} = {CE9B549A-F6C9-4648-B09B-FC986524518F}
		{19D823C2-5916-4DDF-AB2B-6CF57B1F158E} = {CE9B549A-F6C9-4648-B09B-FC986524518F}
		{083074D5-C745-4B66-8C5F-57F394C86AC5} = {CE9B549A-F6C9-4648-B09B-FC986524518F}
		{3FCD8F4F-B170-437B-850A-A1C9430DEE5F} = {CE9B549A-F6C9-4648-B09B-FC986524518F}
		{1689B652-43D2-4727-89D5-3AFE8F7299AA} = {CE9B549A-F6C9-4648-B09B-FC986524518F}
		{58950BED-1602-47D0-B0E5-AD0EE66FA34F} = {CE9B549A-F6C9-4648-B09B-FC986524518F}
		{2D689042-A609-4989-B0AB-968B0E8FE8AF} = {CE9B549A-F6C9-4648-B09B-FC986524518F}
		{9E581ED1-8186-428C-B384-342317602203} = {CE9B549A-F6C9-4648-B09B-FC986524518F}
		{3220A7A6-B943-476E-9DBD-44F3B73A5FDA} = {CE9B549A-F6C9-4648-B09B-FC986524518F}
		{94EB029D-2742-4013-9AEA-57817D86D097} = {CE9B549A-F6C9-4648-B09B-FC986524518F}
		{A9384302-7BFB-48E0-B3B1-252A369EF693} = {CE9B549A-F6C9-4648-B09B-FC986524518F}
		{E5F919EB-7847-4B82-8888-78522645B1C9} = {CE9B549A-F6C9-4648-B09B-FC986524518F}
		{339CE759-36AE-49B5-BEC0-810505E4CCF7} = {CE9B549A-F6C9-4648-B09B-FC986524518F}
		{C2B2B1DC-EC52-4058-8203-B6CBC3AFC517} = {CE9B549A-F6C9-4648-B09B-FC986524518F}
		{5B1808C4-3A6E-465D-AC91-807B28A38744} = {CE9B549A-F6C9-4648-B09B-FC986524518F}
		{B108DBAE-66FE-40C8-ADD7-F1A081442F68} = {CE9B549A-F6C9-4648-B09B-FC986524518F}
		{024DEBE9-4FFC-4163-81E5-069D7B9D67EB} = {CE9B549A-F6C9-4648-B09B-FC986524518F}
		{6EEBD82A-CC6B-4AE5-ACB0-E69170B1D239} = {CE9B549A-F6C9-4648-B09B-FC986524518F}
		{6C6C5ED7-7B45-4739-BE11-0068C72481CE} = {CE9B549A-F6C9-4648-B09B-FC986524518F}
		{DF85C289-B126-4B87-9F39-0693282856A3} = {CE9B549A-F6C9-4648-B09B-FC986524518F}
		{5506777D-2ACE-4464-9D6D-6DFFABF450BF} = {CE9B549A-F6C9-4648-B09B-FC986524518F}
		{AFB91F1E-3E1B-43E9-8BF3-1584AE446D62} = {CE9B549A-F6C9-4648-B09B-FC986524518F}
		{0061D299-9CCA-4646-91AB-1D543942BADA} = {CE9B549A-F6C9-4648-B09B-FC986524518F}
		{2CB06921-401E-414C-88A5-CC67F1D06849} = {CE9B549A-F6C9-4648-B09B-FC986524518F}
		{961B3085-5E6C-44BA-8C1D-39253B88CE66} = {CE9B549A-F6C9-4648-B09B-FC986524518F}
		{59EE0C11-2011-41A4-BAD2-9BC8DF6BB3D1} = {CE9B549A-F6C9-4648-B09B-FC986524518F}
		{48D60E4B-ED17-459D-A8F8-43FCED23FC49} = {CE9B549A-F6C9-4648-B09B-FC986524518F}
		{A3FEF870-FF4C-4DAC-9865-DE72A90CF773} = {CE9B549A-F6C9-4648-B09B-FC986524518F}
	EndGlobalSection
EndGlobal
