
Microsoft Visual Studio Solution File, Format Version 12.00
Project("{FAE04EC0-301F-11D3-BF4B-00C04F79EFBC}") = "src", "src\src.csproj", "{33D8D471-5D7B-4AF2-AD03-1558A1B15E95}"
EndProject
Project("{2150E333-8FDC-42A3-9474-1A3956D46DE8}") = "tutorial", "tutorial", "{CE9B549A-F6C9-4648-B09B-FC986524518F}"
EndProject
Project("{FAE04EC0-301F-11D3-BF4B-00C04F79EFBC}") = "T01-Simple", "tutorial\T01-Simple\T01-Simple.csproj", "{208E1FCE-A200-42BA-9F9B-5A699449AD26}"
EndProject
Project("{FAE04EC0-301F-11D3-BF4B-00C04F79EFBC}") = "T05-Param", "tutorial\T05-Param\T05-Param.csproj", "{F76A2CF5-08C4-4A44-8FDC-747BD2EBAC50}"
EndProject
Global
	GlobalSection(SolutionConfigurationPlatforms) = preSolution
		Debug|Any CPU = Debug|Any CPU
		Release|Any CPU = Release|Any CPU
	EndGlobalSection
	GlobalSection(ProjectConfigurationPlatforms) = postSolution
		{33D8D471-5D7B-4AF2-AD03-1558A1B15E95}.Debug|Any CPU.ActiveCfg = Debug|Any CPU
		{33D8D471-5D7B-4AF2-AD03-1558A1B15E95}.Debug|Any CPU.Build.0 = Debug|Any CPU
		{33D8D471-5D7B-4AF2-AD03-1558A1B15E95}.Release|Any CPU.ActiveCfg = Release|Any CPU
		{33D8D471-5D7B-4AF2-AD03-1558A1B15E95}.Release|Any CPU.Build.0 = Release|Any CPU
		{208E1FCE-A200-42BA-9F9B-5A699449AD26}.Debug|Any CPU.ActiveCfg = Debug|Any CPU
		{208E1FCE-A200-42BA-9F9B-5A699449AD26}.Debug|Any CPU.Build.0 = Debug|Any CPU
		{208E1FCE-A200-42BA-9F9B-5A699449AD26}.Release|Any CPU.ActiveCfg = Release|Any CPU
		{208E1FCE-A200-42BA-9F9B-5A699449AD26}.Release|Any CPU.Build.0 = Release|Any CPU
		{F76A2CF5-08C4-4A44-8FDC-747BD2EBAC50}.Debug|Any CPU.ActiveCfg = Debug|Any CPU
		{F76A2CF5-08C4-4A44-8FDC-747BD2EBAC50}.Debug|Any CPU.Build.0 = Debug|Any CPU
		{F76A2CF5-08C4-4A44-8FDC-747BD2EBAC50}.Release|Any CPU.ActiveCfg = Release|Any CPU
		{F76A2CF5-08C4-4A44-8FDC-747BD2EBAC50}.Release|Any CPU.Build.0 = Release|Any CPU
	EndGlobalSection
	GlobalSection(NestedProjects) = preSolution
		{208E1FCE-A200-42BA-9F9B-5A699449AD26} = {CE9B549A-F6C9-4648-B09B-FC986524518F}
		{F76A2CF5-08C4-4A44-8FDC-747BD2EBAC50} = {CE9B549A-F6C9-4648-B09B-FC986524518F}
	EndGlobalSection
EndGlobal
